<?xml version="1.0" encoding="utf-8"?>
<Project ToolsVersion="17.0" xmlns="http://schemas.microsoft.com/developer/msbuild/2003">
  <ItemGroup>
    <ClCompile Include="C:\Users\Ashtan Mistal\OneDrive - UBC\School\2023W1\CPSC533Y\Project\Forest-Friends\ForestFriends\ForestFriends.cpp">
      <Filter>Source Files</Filter>
    </ClCompile>
  </ItemGroup>
  <ItemGroup>
    <ClInclude Include="C:\Users\Ashtan Mistal\OneDrive - UBC\School\2023W1\CPSC533Y\Project\Forest-Friends\ForestFriends\ForestFriends.h">
      <Filter>Header Files</Filter>
    </ClInclude>
  </ItemGroup>
  <ItemGroup>
    <CustomBuild Include="C:\Users\Ashtan Mistal\OneDrive - UBC\School\2023W1\CPSC533Y\Project\Forest-Friends\ForestFriends\CMakeLists.txt" />
  </ItemGroup>
  <ItemGroup>
    <Filter Include="Header Files">
      <UniqueIdentifier>{BE3B6EFB-BC9F-374F-B925-379C587A5802}</UniqueIdentifier>
    </Filter>
    <Filter Include="Source Files">
      <UniqueIdentifier>{B6872810-0C42-384E-800A-79FDA576B650}</UniqueIdentifier>
    </Filter>
  </ItemGroup>
</Project>
