<?xml version="1.0" encoding="utf-8"?>
<Project ToolsVersion="17.0" xmlns="http://schemas.microsoft.com/developer/msbuild/2003">
  <ItemGroup>
    <CustomBuild Include="C:\Users\Ashtan Mistal\OneDrive - UBC\School\2023W1\CPSC533Y\Project\Forest-Friends\CMakeFiles\b06a636df2482941aef13a328a74c712\generate.stamp.rule">
      <Filter>CMake Rules</Filter>
    </CustomBuild>
  </ItemGroup>
  <ItemGroup>
    <Filter Include="CMake Rules">
      <UniqueIdentifier>{C6D8BCB7-BC98-3ABF-8EE3-AB31131E5B6C}</UniqueIdentifier>
    </Filter>
  </ItemGroup>
</Project>
